{
    "_meta": {
        "hash": {
            "sha256": "c5928fb567aaaddf9033699eb88311554d725ce402e294a40212ad2bd671689c"
        },
        "pipfile-spec": 6,
        "requires": {
            "python_version": "3.7"
        },
        "sources": [
            {
                "name": "pypi",
                "url": "https://pypi.org/simple",
                "verify_ssl": true
            }
        ]
    },
    "default": {
        "configparser": {
            "hashes": [
                "sha256:8be81d89d6e7b4c0d4e44bcc525845f6da25821de80cb5e06e7e0238a2899e32",
                "sha256:da60d0014fd8c55eb48c1c5354352e363e2d30bbf7057e5e171a468390184c75"
            ],
            "index": "pypi",
            "version": "==3.7.4"
        },
        "natsort": {
            "hashes": [
                "sha256:83a8c36b1b2321705d4d7814a7aaf91d0e1bcb7bff119a6ebfe5c9ce3b332d0e",
                "sha256:ff3effb5618232866de8d26e5af4081a4daa9bb0dfed49ac65170e28e45f2776"
            ],
            "index": "pypi",
            "version": "==6.0.0"
        }
    },
    "develop": {}
}
